github.com/Method-Security/pkg v0.0.6 h1:8TEtNjzsbTuRGbBl2zblPttnpd3Zmxw2IsujLhGU4EY=
github.com/Method-Security/pkg v0.0.6/go.mod h1:EjbaqtOZZoZrc03E23ge1nXKIy9c0ZPVmcH8lhJtf/s=
github.com/aws/aws-sdk-go v1.55.8 h1:JRmEUbU52aJQZ2AjX4q4Wu7t4uZjOu71uyNmaWlUkJQ=
github.com/aws/aws-sdk-go v1.55.8/go.mod h1:ZkViS9AqA6otK+JBBNH2++sx1sgxrPKcSzPPvQkUtXk=
github.com/aws/aws-sdk-go-v2 v1.38.3 h1:B6cV4oxnMs45fql4yRH+/Po/YU+597zgWqvDpYMturk=
github.com/aws/aws-sdk-go-v2 v1.38.3/go.mod h1:sDioUELIUO9Znk23YVmIk86/9DOpkbyyVb1i/gUNFXY=
github.com/aws/aws-sdk-go-v2/aws/protocol/eventstream v1.7.0 h1:6GMWV6CNpA/6fbFHnoAjrv4+LGfyTqZz2LtCHnspgDg=
github.com/aws/aws-sdk-go-v2/aws/protocol/eventstream v1.7.0/go.mod h1:/mXlTIVG9jbxkqDnr5UQNQxW1HRYxeGklkM9vAFeabg=
github.com/aws/aws-sdk-go-v2/config v1.31.2 h1:NOaSZpVGEH2Np/c1toSeW0jooNl+9ALmsUTZ8YvkJR0=
github.com/aws/aws-sdk-go-v2/config v1.31.2/go.mod h1:17ft42Yb2lF6OigqSYiDAiUcX4RIkEMY6XxEMJsrAes=
github.com/aws/aws-sdk-go-v2/credentials v1.18.6 h1:AmmvNEYrru7sYNJnp3pf57lGbiarX4T9qU/6AZ9SucU=
github.com/aws/aws-sdk-go-v2/credentials v1.18.6/go.mod h1:/jdQkh1iVPa01xndfECInp1v1Wnp70v3K4MvtlLGVEc=
github.com/aws/aws-sdk-go-v2/feature/ec2/imds v1.18.4 h1:lpdMwTzmuDLkgW7086jE94HweHCqG+uOJwHf3LZs7T0=
github.com/aws/aws-sdk-go-v2/feature/ec2/imds v1.18.4/go.mod h1:9xzb8/SV62W6gHQGC/8rrvgNXU6ZoYM3sAIJCIrXJxY=
github.com/aws/aws-sdk-go-v2/internal/configsources v1.4.6 h1:uF68eJA6+S9iVr9WgX1NaRGyQ/6MdIyc4JNUo6TN1FA=
github.com/aws/aws-sdk-go-v2/internal/configsources v1.4.6/go.mod h1:qlPeVZCGPiobx8wb1ft0GHT5l+dc6ldnwInDFaMvC7Y=
github.com/aws/aws-sdk-go-v2/internal/endpoints/v2 v2.7.6 h1:pa1DEC6JoI0zduhZePp3zmhWvk/xxm4NB8Hy/Tlsgos=
github.com/aws/aws-sdk-go-v2/internal/endpoints/v2 v2.7.6/go.mod h1:gxEjPebnhWGJoaDdtDkA0JX46VRg1wcTHYe63OfX5pE=
github.com/aws/aws-sdk-go-v2/internal/ini v1.8.3 h1:bIqFDwgGXXN1Kpp99pDOdKMTTb5d2KyU5X/BZxjOkRo=
github.com/aws/aws-sdk-go-v2/internal/ini v1.8.3/go.mod h1:H5O/EsxDWyU+LP/V8i5sm8cxoZgc2fdNR9bxlOFrQTo=
github.com/aws/aws-sdk-go-v2/internal/v4a v1.4.4 h1:BE/MNQ86yzTINrfxPPFS86QCBNQeLKY2A0KhDh47+wI=
github.com/aws/aws-sdk-go-v2/internal/v4a v1.4.4/go.mod h1:SPBBhkJxjcrzJBc+qY85e83MQ2q3qdra8fghhkkyrJg=
github.com/aws/aws-sdk-go-v2/service/apigateway v1.34.2 h1:Rfqqo14uUh05AQcrgmigh4s6AECbanfGEEJYfj0qgmg=
github.com/aws/aws-sdk-go-v2/service/apigateway v1.34.2/go.mod h1:+MyhM888//jV3o1UG4vt38MdjqAcUicXvHHw/JfcRik=
github.com/aws/aws-sdk-go-v2/service/apigatewayv2 v1.32.2 h1:iFj4I9K3+rSYzscyL325U3M1gK+trwKivF5mS9qOV0o=
github.com/aws/aws-sdk-go-v2/service/apigatewayv2 v1.32.2/go.mod h1:0EtzxxLlK3I1QAKBhXQvUgqu//VUtOgVSS0Fxgc2Cv8=
github.com/aws/aws-sdk-go-v2/service/autoscaling v1.57.2 h1:hYsUHj0wgtj4ZNRNKpnZ24l43TL/7iDpD0xlemzxBO0=
github.com/aws/aws-sdk-go-v2/service/autoscaling v1.57.2/go.mod h1:z7VO2DDtk3h+bWw18erk2swrCEeDBCajYtpsXpTo7R4=
github.com/aws/aws-sdk-go-v2/service/cloudfront v1.53.0 h1:fdPi8+XO2X3h+Z5fTArTVeThFOqf+8LBu+dxjXDx9dc=
github.com/aws/aws-sdk-go-v2/service/cloudfront v1.53.0/go.mod h1:zs9f9z7VhQZJ2TMUqYYst0uZTc7VTDzmoDcHf0VrmPs=
github.com/aws/aws-sdk-go-v2/service/ec2 v1.245.2 h1:P94OfRObDwjklbvdJTGuRZXeGYF7Bv5NNUo+I628kKQ=
github.com/aws/aws-sdk-go-v2/service/ec2 v1.245.2/go.mod h1:D8Wb993SJuFQ10Lp95Vod8VTpYjJz4v0LeW4rEI471c=
github.com/aws/aws-sdk-go-v2/service/eks v1.71.1 h1:94CuP2LDRD8zwfJIm+oOEx0vRuwodfon0BPImHs8aww=
github.com/aws/aws-sdk-go-v2/service/eks v1.71.1/go.mod h1:ROhcontVJDIaR0dUrg2+EdGzJtdSzq+PnM06gNV5zK8=
github.com/aws/aws-sdk-go-v2/service/elasticloadbalancing v1.32.2 h1:5gfKj9+gRRVTzsrDp1z8AoEuSV3iLZpDJTiKsSqet6I=
github.com/aws/aws-sdk-go-v2/service/elasticloadbalancing v1.32.2/go.mod h1:Tdj16jxblwZwdRKwqRvTEgrPM8yG5aLBkT6VNUwAZ3U=
github.com/aws/aws-sdk-go-v2/service/elasticloadbalancingv2 v1.50.0 h1:Izk3Yw7XXSl3YsXcsfzY3tbaeh5sxiV/Rxc9YlLcmYs=
github.com/aws/aws-sdk-go-v2/service/elasticloadbalancingv2 v1.50.0/go.mod h1:g8wrIE3I6tNQ9j/w+8aCkd/1kJGsvBuT7oh74prjdaI=
github.com/aws/aws-sdk-go-v2/service/iam v1.47.1 h1:8qIz2VOP22KhWlMhh2nZOlvQjXHcZ1jIYy/LmP1r0go=
github.com/aws/aws-sdk-go-v2/service/iam v1.47.1/go.mod h1:t7ahGe9ZaK9mmtYhCMjVA6euun4iNzaeDnJyONTBlms=
github.com/aws/aws-sdk-go-v2/service/internal/accept-encoding v1.13.0 h1:6+lZi2JeGKtCraAj1rpoZfKqnQ9SptseRZioejfUOLM=
github.com/aws/aws-sdk-go-v2/service/internal/accept-encoding v1.13.0/go.mod h1:eb3gfbVIxIoGgJsi9pGne19dhCBpK6opTYpQqAmdy44=
github.com/aws/aws-sdk-go-v2/service/internal/checksum v1.8.4 h1:Beh9oVgtQnBgR4sKKzkUBRQpf1GnL4wt0l4s8h2VCJ0=
github.com/aws/aws-sdk-go-v2/service/internal/checksum v1.8.4/go.mod h1:b17At0o8inygF+c6FOD3rNyYZufPw62o9XJbSfQPgbo=
github.com/aws/aws-sdk-go-v2/service/internal/presigned-url v1.13.4 h1:ueB2Te0NacDMnaC+68za9jLwkjzxGWm0KB5HTUHjLTI=
github.com/aws/aws-sdk-go-v2/service/internal/presigned-url v1.13.4/go.mod h1:nLEfLnVMmLvyIG58/6gsSA03F1voKGaCfHV7+lR8S7s=
github.com/aws/aws-sdk-go-v2/service/internal/s3shared v1.19.4 h1:HVSeukL40rHclNcUqVcBwE1YoZhOkoLeBfhUqR3tjIU=
github.com/aws/aws-sdk-go-v2/service/internal/s3shared v1.19.4/go.mod h1:DnbBOv4FlIXHj2/xmrUQYtawRFC9L9ZmQPz+DBc6X5I=
github.com/aws/aws-sdk-go-v2/service/lambda v1.76.2 h1:/mOkmwc5PcOlnzhsqfASiJMAyN6ih3JKxjvvVl7h8mE=
github.com/aws/aws-sdk-go-v2/service/lambda v1.76.2/go.mod h1:9x/lRk5gSifCG5RVQd1bL4vcrpkqF1HP2skh55YrLJ0=
github.com/aws/aws-sdk-go-v2/service/rds v1.103.2 h1:U0b+yGV+uu+9JHOfn9bUHPJIenoelWvc4xLN35JgKfI=
github.com/aws/aws-sdk-go-v2/service/rds v1.103.2/go.mod h1:/2VugFM40wGawuHZoR6Nu4owBMkjQJI71q9V/Gj0jKk=
github.com/aws/aws-sdk-go-v2/service/route53 v1.56.2 h1:6QKyfbweIsjt1kvE8rw+LeDxmCt1uvI8ywRe2cYOpQo=
github.com/aws/aws-sdk-go-v2/service/route53 v1.56.2/go.mod h1:Ro0zSeA7hRAhX04QgnUAc8MvvQO74wg/S15wzA/mxgo=
github.com/aws/aws-sdk-go-v2/service/s3 v1.87.1 h1:2n6Pd67eJwAb/5KCX62/8RTU0aFAAW7V5XIGSghiHrw=
github.com/aws/aws-sdk-go-v2/service/s3 v1.87.1/go.mod h1:w5PC+6GHLkvMJKasYGVloB3TduOtROEMqm15HSuIbw4=
github.com/aws/aws-sdk-go-v2/service/sso v1.28.2 h1:ve9dYBB8CfJGTFqcQ3ZLAAb/KXWgYlgu/2R2TZL2Ko0=
github.com/aws/aws-sdk-go-v2/service/sso v1.28.2/go.mod h1:n9bTZFZcBa9hGGqVz3i/a6+NG0zmZgtkB9qVVFDqPA8=
github.com/aws/aws-sdk-go-v2/service/ssooidc v1.33.2 h1:pd9G9HQaM6UZAZh19pYOkpKSQkyQQ9ftnl/LttQOcGI=
github.com/aws/aws-sdk-go-v2/service/ssooidc v1.33.2/go.mod h1:eknndR9rU8UpE/OmFpqU78V1EcXPKFTTm5l/buZYgvM=
github.com/aws/aws-sdk-go-v2/service/sts v1.38.0 h1:iV1Ko4Em/lkJIsoKyGfc0nQySi+v0Udxr6Igq+y9JZc=
github.com/aws/aws-sdk-go-v2/service/sts v1.38.0/go.mod h1:bEPcjW7IbolPfK67G1nilqWyoxYMSPrDiIQ3RdIdKgo=
github.com/aws/aws-sdk-go-v2/service/wafv2 v1.66.2 h1:7PbqJKf+IU/y12Wn63vOw6PTHXfGp/aWeD4MfEfFRGo=
github.com/aws/aws-sdk-go-v2/service/wafv2 v1.66.2/go.mod h1:7O8zNBEOTE3xamo4lNF33k4TybmC9avy21mtiaZZ7u0=
github.com/aws/smithy-go v1.23.0 h1:8n6I3gXzWJB2DxBDnfxgBaSX6oe0d/t10qGz7OKqMCE=
github.com/aws/smithy-go v1.23.0/go.mod h1:t1ufH5HMublsJYulve2RKmHDC15xu1f26kHCp/HgceI=
github.com/beorn7/perks v1.0.1 h1:VlbKKnNfV8bJzeqoa4cOKqO6bYr3WgKZxO8Z16+hsOM=
github.com/beorn7/perks v1.0.1/go.mod h1:G2ZrVWU2WbWT9wwq4/hrbKbnv/1ERSJQ0ibhJ6rlkpw=
github.com/cespare/xxhash/v2 v2.3.0 h1:UL815xU9SqsFlibzuggzjXhog7bL6oX9BbNZnL2UFvs=
github.com/cespare/xxhash/v2 v2.3.0/go.mod h1:VGX0DQ3Q6kWi7AoAeZDth3/j3BFtOZR5XLFGgcrjCOs=
github.com/cpuguy83/go-md2man/v2 v2.0.6/go.mod h1:oOW0eioCTA6cOiMLiUPZOpcVxMig6NIQQ7OS05n1F4g=
github.com/davecgh/go-spew v1.1.0/go.mod h1:J7Y8YcW2NihsgmVo/mv3lAwl/skON4iLHjSsI+c5H38=
github.com/davecgh/go-spew v1.1.1/go.mod h1:J7Y8YcW2NihsgmVo/mv3lAwl/skON4iLHjSsI+c5H38=
github.com/davecgh/go-spew v1.1.2-0.20180830191138-d8f796af33cc h1:U9qPSI2PIWSS1VwoXQT9A3Wy9MM3WgvqSxFWenqJduM=
github.com/davecgh/go-spew v1.1.2-0.20180830191138-d8f796af33cc/go.mod h1:J7Y8YcW2NihsgmVo/mv3lAwl/skON4iLHjSsI+c5H38=
github.com/fatih/color v1.18.0 h1:S8gINlzdQ840/4pfAwic/ZE0djQEH3wM94VfqLTZcOM=
github.com/fatih/color v1.18.0/go.mod h1:4FelSpRwEGDpQ12mAdzqdOukCy4u8WUtOY6lkT/6HfU=
github.com/fxamacker/cbor/v2 v2.9.0 h1:NpKPmjDBgUfBms6tr6JZkTHtfFGcMKsw3eGcmD/sapM=
github.com/fxamacker/cbor/v2 v2.9.0/go.mod h1:vM4b+DJCtHn+zz7h3FFp/hDAI9WNWCsZj23V5ytsSxQ=
github.com/go-logr/logr v1.4.3 h1:CjnDlHq8ikf6E492q6eKboGOC0T8CDaOvkHCIg8idEI=
github.com/go-logr/logr v1.4.3/go.mod h1:9T104GzyrTigFIr8wt5mBrctHMim0Nb2HLGrmQ40KvY=
github.com/gofrs/flock v0.12.1 h1:MTLVXXHf8ekldpJk3AKicLij9MdwOWkZ+a/jHHZby9E=
github.com/gofrs/flock v0.12.1/go.mod h1:9zxTsyu5xtJ9DK+1tFZyibEV7y3uwDxPPfbxeeHCoD0=
github.com/gogo/protobuf v1.3.2 h1:Ov1cvc58UF3b5XjBnZv7+opcTcQFZebYjWzi34vdm4Q=
github.com/gogo/protobuf v1.3.2/go.mod h1:P1XiOD3dCwIKUDQYPy72D8LYyHL2YPYrpS2s69NZV8Q=
github.com/google/go-cmp v0.5.9/go.mod h1:17dUlkBOakJ0+DkrSSNjCkIjxS6bF9zb3elmeNGIjoY=
github.com/google/go-cmp v0.7.0 h1:wk8382ETsv4JYUZwIsn6YpYiWiBsYLSJiTsyBybVuN8=
github.com/google/go-cmp v0.7.0/go.mod h1:pXiqmnSA92OHEEa9HXL2W4E7lf9JzCmGVUdgjX3N/iU=
github.com/google/gofuzz v1.0.0/go.mod h1:dBl0BpW6vV/+mYPU4Po3pmUjxk6FQPldtuIdl/M65Eg=
github.com/google/uuid v1.6.0 h1:NIvaJDMOsjHA8n1jAhLSgzrAzy1Hgr+hNrb57e+94F0=
github.com/google/uuid v1.6.0/go.mod h1:TIyPZe4MgqvfeYDBFedMoGGpEw/LqOeaOT+nhxU+yHo=
github.com/inconshreveable/mousetrap v1.1.0 h1:wN+x4NVGpMsO7ErUn/mUI3vEoE6Jt13X2s0bqwp9tc8=
github.com/inconshreveable/mousetrap v1.1.0/go.mod h1:vpF70FUmC8bwa3OWnCshd2FqLfsEA9PFc4w1p2J65bw=
github.com/jmespath/go-jmespath v0.4.0 h1:BEgLn5cpjn8UN1mAw4NjwDrS35OdebyEtFe+9YPoQUg=
github.com/jmespath/go-jmespath v0.4.0/go.mod h1:T8mJZnbsbmF+m6zOOFylbeCJqk5+pHWvzYPziyZiYoo=
github.com/json-iterator/go v1.1.12 h1:PV8peI4a0ysnczrg+LtxykD8LfKY9ML6u2jnxaEnrnM=
github.com/json-iterator/go v1.1.12/go.mod h1:e30LSqwooZae/UwlEbR2852Gd8hjQvJoHmT4TnhNGBo=
github.com/kisielk/errcheck v1.5.0/go.mod h1:pFxgyoBC7bSaBwPgfKdkLd5X25qrDl4LWUI2bnpBCr8=
github.com/kisielk/gotool v1.0.0/go.mod h1:XhKaO+MFFWcvkIS/tQcRk01m1F5IRFswLeQ+oQHNcck=
github.com/kr/pretty v0.3.1 h1:flRD4NNwYAUpkphVc1HcthR4KEIFJ65n8Mw5qdRn3LE=
github.com/kr/pretty v0.3.1/go.mod h1:hoEshYVHaxMs3cyo3Yncou5ZscifuDolrwPKZanG3xk=
github.com/kr/text v0.2.0 h1:5Nx0Ya0ZqY2ygV366QzturHI13Jq95ApcVaJBhpS+AY=
github.com/kr/text v0.2.0/go.mod h1:eLer722TekiGuMkidMxC/pM04lWEeraHUUmBw8l2grE=
github.com/mattn/go-colorable v0.1.14 h1:9A9LHSqF/7dyVVX6g0U9cwm9pG3kP9gSzcuIPHPsaIE=
github.com/mattn/go-colorable v0.1.14/go.mod h1:6LmQG8QLFO4G5z1gPvYEzlUgJ2wF+stgPZH1UqBm1s8=
github.com/mattn/go-isatty v0.0.20 h1:xfD0iDuEKnDkl03q4limB+vH+GxLEtL/jb4xVJSWWEY=
github.com/mattn/go-isatty v0.0.20/go.mod h1:W+V8PltTTMOvKvAeJH7IuucS94S2C6jfK/D7dTCTo3Y=
github.com/modern-go/concurrent v0.0.0-20180228061459-e0a39a4cb421/go.mod h1:6dJC0mAP4ikYIbvyc7fijjWJddQyLn8Ig3JB5CqoB9Q=
github.com/modern-go/concurrent v0.0.0-20180306012644-bacd9c7ef1dd h1:TRLaZ9cD/w8PVh93nsPXa1VrQ6jlwL5oN8l14QlcNfg=
github.com/modern-go/concurrent v0.0.0-20180306012644-bacd9c7ef1dd/go.mod h1:6dJC0mAP4ikYIbvyc7fijjWJddQyLn8Ig3JB5CqoB9Q=
github.com/modern-go/reflect2 v1.0.2 h1:xBagoLtFs94CBntxluKeaWgTMpvLxC4ur3nMaC9Gz0M=
github.com/modern-go/reflect2 v1.0.2/go.mod h1:yWuevngMOJpCy52FWWMvUC8ws7m/LJsjYzDa0/r8luk=
github.com/munnerz/goautoneg v0.0.0-20191010083416-a7dc8b61c822 h1:C3w9PqII01/Oq1c1nUAm88MOHcQC9l5mIlSMApZMrHA=
github.com/munnerz/goautoneg v0.0.0-20191010083416-a7dc8b61c822/go.mod h1:+n7T8mK8HuQTcFwEeznm/DIxMOiR9yIdICNftLE1DvQ=
github.com/nmiyake/pkg/dirs v1.0.0 h1:pYeIw1wH7jh5/ew8naGE4Q56byJG7Uyi8PwwhVe/MTg=
github.com/nmiyake/pkg/dirs v1.0.0/go.mod h1:r6/PkZ3CA1szGfQkxcHheEjBWi6Zu6jLb+lQmRXEyvM=
github.com/openzipkin/zipkin-go v0.2.2 h1:nY8Hti+WKaP0cRsSeQ026wU03QsM762XBeCXBb9NAWI=
github.com/openzipkin/zipkin-go v0.2.2/go.mod h1:NaW6tEwdmWMaCDZzg8sh+IBNOxHMPnhQw8ySjnjRyN4=
github.com/palantir/pkg v1.1.0 h1:0EhrSUP8oeeh3MUvk7V/UU7WmsN1UiJNTvNj0sN9Cpo=
github.com/palantir/pkg v1.1.0/go.mod h1:KC9srP/9ssWRxBxFCIqhUGC4Jt7OJkWRz0Iqehup1/c=
github.com/palantir/pkg/bytesbuffers v1.2.0 h1:MNcQa9oLySQ8921ULyW0lcvA+V6gBNK/K3o5K2bFh6A=
github.com/palantir/pkg/bytesbuffers v1.2.0/go.mod h1:dfUU4pJM6BisXe4rHi3OmmVZqE4O987nVYVdTt8hv6Y=
github.com/palantir/pkg/datetime v1.2.0 h1:RngrfNtfwEHPTEPGrZ2ntEkAYwDvH/OGob4RH6FHIGg=
github.com/palantir/pkg/datetime v1.2.0/go.mod h1:PgZ02YM78NPwXgS/IVhg20yaSFaEH/xPYcPubsr3/5o=
github.com/palantir/pkg/objmatcher v1.1.0 h1:bh/Set1mIL3sEJKIBbNr3afPg0PrvhPKY6deyGwGhZs=
github.com/palantir/pkg/objmatcher v1.1.0/go.mod h1:sUFipHgtqogNOs9uir4Fbu8Nu+n3qTAEL2vfghIiwZ0=
github.com/palantir/pkg/rid v1.1.0 h1:U6p5HhNT6E3T2MvPnvxnW0pU7v3IfabVBdO010uQMGE=
github.com/palantir/pkg/rid v1.1.0/go.mod h1:WDcAL/1o6V6yaa66QVWM2P3QHwUgft/MeStssFcVMR8=
github.com/palantir/pkg/safejson v1.1.0 h1:myVdz3dGPjac1o3aYDuODk7BaYdsxHcYLfVNXMRP+MU=
github.com/palantir/pkg/safejson v1.1.0/go.mod h1:CxrDB47zqztxqu4ufDnh6MCrFhPCxXLF5pe1xj8yKlA=
github.com/palantir/pkg/safelong v1.2.0 h1:7P1ZvHrjd0uNoLL4vDhuIfFPN50aakVTF/JjdDfGJJo=
github.com/palantir/pkg/safelong v1.2.0/go.mod h1:vRTjkl9UhNbkTtz9QxWwFVa2dvGAppcCXB7OufOpn10=
github.com/palantir/pkg/safeyaml v1.1.0 h1:5Pt3cGNw5QyOPYwfLsPImh+SiNIilSw3Cn4t3m7tZuo=
github.com/palantir/pkg/safeyaml v1.1.0/go.mod h1:RG0a/ze5V6uppZJvwV2e3RmyjKMxdPpwIyS5OHp3DPU=
github.com/palantir/pkg/transform v1.1.0 h1:43tnYETShELXCRro6+uc0GlgB4GZvsQ/YNH5301IxW8=
github.com/palantir/pkg/transform v1.1.0/go.mod h1:SHqpFkx1vKQ8Bb81VsmySYTsSHSBtgj06cZm9HihuGk=
github.com/palantir/pkg/uuid v1.2.0 h1:eb7A1clc0DzchT9G0DRXi9QEkz/IYGDzLVFqZoIfrl0=
github.com/palantir/pkg/uuid v1.2.0/go.mod h1:qGnKfswuHME/RjYVkj+SfcjvJ7C3gKZM4JEUordLhA4=
github.com/palantir/witchcraft-go-error v1.41.0 h1:Muy2Nr/CezeFvYN54KduFHm4aFglNInvHXbYSPDNB9s=
github.com/palantir/witchcraft-go-error v1.41.0/go.mod h1:ZG6e65+LcRVZMMf9tvwtRTqarNCNaPbzB6Bo+k8We5A=
github.com/palantir/witchcraft-go-logging v1.61.0 h1:iN8F0hc8RZM893q00aHNgLCjjoj/F02AAIWYWK47rP8=
github.com/palantir/witchcraft-go-logging v1.61.0/go.mod h1:ss41xJL1/zWNq1vRlbeu07Px6CXHGsnphTQFUIbUqMQ=
github.com/palantir/witchcraft-go-params v1.38.0 h1:PPyVF+GARkFjk6ID+8PuEQjkYtv+wuyG57uersVxvD4=
github.com/palantir/witchcraft-go-params v1.38.0/go.mod h1:gZinqdF9iMUIHgQMVGtVpQ9GIZuvG9s48oT/+nUm6vg=
github.com/palantir/witchcraft-go-tracing v1.40.0 h1:zUsw2ZzALk40Vzna6FJzO+whaV9fYWIpkPsVZ04K/n4=
github.com/palantir/witchcraft-go-tracing v1.40.0/go.mod h1:7zWwq4ew0mqtaEmk/rQ1MHCNc5prjcfoB6AeW6jwf5E=
github.com/pmezard/go-difflib v1.0.0/go.mod h1:iKH77koFhYxTK1pcRnkKkqfTogsbg7gZNVY4sRDYZ/4=
github.com/pmezard/go-difflib v1.0.1-0.20181226105442-5d4384ee4fb2 h1:Jamvg5psRIccs7FGNTlIRMkT8wgtp5eCXdBlqhYGL6U=
github.com/pmezard/go-difflib v1.0.1-0.20181226105442-5d4384ee4fb2/go.mod h1:iKH77koFhYxTK1pcRnkKkqfTogsbg7gZNVY4sRDYZ/4=
github.com/prometheus/client_golang v1.23.0 h1:ust4zpdl9r4trLY/gSjlm07PuiBq2ynaXXlptpfy8Uc=
github.com/prometheus/client_golang v1.23.0/go.mod h1:i/o0R9ByOnHX0McrTMTyhYvKE4haaf2mW08I+jGAjEE=
github.com/prometheus/client_model v0.6.2 h1:oBsgwpGs7iVziMvrGhE53c/GrLUsZdHnqNwqPLxwZyk=
github.com/prometheus/client_model v0.6.2/go.mod h1:y3m2F6Gdpfy6Ut/GBsUqTWZqCUvMVzSfMLjcu6wAwpE=
github.com/prometheus/common v0.65.0 h1:QDwzd+G1twt//Kwj/Ww6E9FQq1iVMmODnILtW1t2VzE=
github.com/prometheus/common v0.65.0/go.mod h1:0gZns+BLRQ3V6NdaerOhMbwwRbNh9hkGINtQAsP5GS8=
github.com/prometheus/procfs v0.17.0 h1:FuLQ+05u4ZI+SS/w9+BWEM2TXiHKsUQ9TADiRH7DuK0=
github.com/prometheus/procfs v0.17.0/go.mod h1:oPQLaDAMRbA+u8H5Pbfq+dl3VDAvHxMUOVhe0wYB2zw=
github.com/rogpeppe/go-internal v1.13.1 h1:KvO1DLK/DRN07sQ1LQKScxyZJuNnedQ5/wKSR38lUII=
github.com/rogpeppe/go-internal v1.13.1/go.mod h1:uMEvuHeurkdAXX61udpOXGD/AzZDWNMNyH2VO9fmH0o=
github.com/rs/zerolog v1.34.0 h1:k43nTLIwcTVQAncfCw4KZ2VY6ukYoZaBPNOE8txlOeY=
github.com/rs/zerolog v1.34.0/go.mod h1:bJsvje4Z08ROH4Nhs5iH600c3IkWhwp44iRc54W6wYQ=
github.com/russross/blackfriday/v2 v2.1.0/go.mod h1:+Rmxgy9KzJVeS9/2gXHxylqXiyQDYRxCVz55jmeOWTM=
github.com/sirupsen/logrus v1.9.3 h1:dueUQJ1C2q9oE3F7wvmSGAaVtTmUizReu6fjN8uqzbQ=
github.com/sirupsen/logrus v1.9.3/go.mod h1:naHLuLoDiP4jHNo9R0sCBMtWGeIprob74mVsIT4qYEQ=
github.com/spf13/afero v1.14.0 h1:9tH6MapGnn/j0eb0yIXiLjERO8RB6xIVZRDCX7PtqWA=
github.com/spf13/afero v1.14.0/go.mod h1:acJQ8t0ohCGuMN3O+Pv0V0hgMxNYDlvdk+VTfyZmbYo=
github.com/spf13/cobra v1.9.1 h1:CXSaggrXdbHK9CF+8ywj8Amf7PBRmPCOJugH954Nnlo=
github.com/spf13/cobra v1.9.1/go.mod h1:nDyEzZ8ogv936Cinf6g1RU9MRY64Ir93oCnqb9wxYW0=
github.com/spf13/pflag v1.0.6/go.mod h1:McXfInJRrz4CZXVZOBLb0bTZqETkiAhM9Iw0y3An2Bg=
github.com/spf13/pflag v1.0.7 h1:vN6T9TfwStFPFM5XzjsvmzZkLuaLX+HS+0SeFLRgU6M=
github.com/spf13/pflag v1.0.7/go.mod h1:McXfInJRrz4CZXVZOBLb0bTZqETkiAhM9Iw0y3An2Bg=
github.com/stretchr/objx v0.1.0/go.mod h1:HFkY916IF+rwdDfMAkV7OtwuqBVzrE8GR6GFx+wExME=
github.com/stretchr/testify v1.3.0/go.mod h1:M5WIy9Dh21IEIfnGCwXGc5bZfKNJtfHm1UVUgZn+9EI=
github.com/stretchr/testify v1.7.0/go.mod h1:6Fq8oRcR53rry900zMqJjRRixrwX3KX962/h/Wwjteg=
github.com/stretchr/testify v1.10.0 h1:Xv5erBjTwe/5IxqUQTdXv5kgmIvbHo3QQyRwhJsOfJA=
github.com/stretchr/testify v1.10.0/go.mod h1:r2ic/lqez/lEtzL7wO/rwa5dbSLXVDPFyf8C91i36aY=
github.com/x448/float16 v0.8.4 h1:qLwI1I70+NjRFUR3zs1JPUCgaCXSh3SW62uAKT1mSBM=
github.com/x448/float16 v0.8.4/go.mod h1:14CWIYCyZA/cWjXOioeEpHeN/83MdbZDRQHoFcYsOfg=
github.com/yuin/goldmark v1.1.27/go.mod h1:3hX8gzYuyVAZsxl0MRgGTJEmQBFcNTphYh9decYSb74=
github.com/yuin/goldmark v1.2.1/go.mod h1:3hX8gzYuyVAZsxl0MRgGTJEmQBFcNTphYh9decYSb74=
go.uber.org/goleak v1.3.0 h1:2K3zAYmnTNqV73imy9J1T3WC+gmCePx2hEGkimedGto=
go.uber.org/goleak v1.3.0/go.mod h1:CoHD4mav9JJNrW/WLlf7HGZPjdw8EucARQHekz1X6bE=
go.uber.org/multierr v1.11.0 h1:blXXJkSxSSfBVBlC76pxqeO+LN3aDfLQo+309xJstO0=
go.uber.org/multierr v1.11.0/go.mod h1:20+QtiLqy0Nd6FdQB9TLXag12DsQkrbs3htMFfDN80Y=
go.uber.org/zap v1.27.0 h1:aJMhYGrd5QSmlpLMr2MftRKl7t8J8PTZPA732ud/XR8=
go.uber.org/zap v1.27.0/go.mod h1:GB2qFLM7cTU87MWRP2mPIjqfIDnGu+VIO4V/SdhGo2E=
go.yaml.in/yaml/v2 v2.4.2 h1:DzmwEr2rDGHl7lsFgAHxmNz/1NlQ7xLIrlN2h5d1eGI=
go.yaml.in/yaml/v2 v2.4.2/go.mod h1:081UH+NErpNdqlCXm3TtEran0rJZGxAYx9hb/ELlsPU=
golang.org/x/crypto v0.0.0-20190308221718-c2843e01d9a2/go.mod h1:djNgcEr1/C05ACkg1iLfiJU5Ep61QUkGW8qpdssI0+w=
golang.org/x/crypto v0.0.0-20191011191535-87dc89f01550/go.mod h1:yigFU9vqHzYiE8UmvKecakEJjdnWj3jj499lnFckfCI=
golang.org/x/crypto v0.0.0-20200622213623-75b288015ac9/go.mod h1:LzIPMQfyMNhhGPhUkYOs5KpL4U8rLKemX1yGLhDgUto=
golang.org/x/mod v0.2.0/go.mod h1:s0Qsj1ACt9ePp/hMypM3fl4fZqREWJwdYDEqhRiZZUA=
golang.org/x/mod v0.3.0/go.mod h1:s0Qsj1ACt9ePp/hMypM3fl4fZqREWJwdYDEqhRiZZUA=
golang.org/x/net v0.0.0-20190404232315-eb5bcb51f2a3/go.mod h1:t9HGtf8HONx5eT2rtn7q6eTqICYqUVnKs3thJo3Qplg=
golang.org/x/net v0.0.0-20190620200207-3b0461eec859/go.mod h1:z5CRVTTTmAJ677TzLLGU+0bjPO0LkuOLi4/5GtJWs/s=
golang.org/x/net v0.0.0-20200226121028-0de0cce0169b/go.mod h1:z5CRVTTTmAJ677TzLLGU+0bjPO0LkuOLi4/5GtJWs/s=
golang.org/x/net v0.0.0-20201021035429-f5854403a974/go.mod h1:sp8m0HH+o8qH0wwXwYZr8TS3Oi6o0r6Gce1SSxlDquU=
golang.org/x/net v0.43.0 h1:lat02VYK2j4aLzMzecihNvTlJNQUq316m2Mr9rnM6YE=
golang.org/x/net v0.43.0/go.mod h1:vhO1fvI4dGsIjh73sWfUVjj3N7CA9WkKJNQm2svM6Jg=
golang.org/x/sync v0.0.0-20190423024810-112230192c58/go.mod h1:RxMgew5VJxzue5/jJTE5uejpjVlOe/izrB70Jof72aM=
golang.org/x/sync v0.0.0-20190911185100-cd5d95a43a6e/go.mod h1:RxMgew5VJxzue5/jJTE5uejpjVlOe/izrB70Jof72aM=
golang.org/x/sync v0.0.0-20201020160332-67f06af15bc9/go.mod h1:RxMgew5VJxzue5/jJTE5uejpjVlOe/izrB70Jof72aM=
golang.org/x/sys v0.0.0-20190215142949-d0b11bdaac8a/go.mod h1:STP8DvDyc/dI5b8T5hshtkjS+E42TnysNCUPdjciGhY=
golang.org/x/sys v0.0.0-20190412213103-97732733099d/go.mod h1:h1NjWce9XRLGQEsW7wpKNCjG9DtNlClVuFLEZdDNbEs=
golang.org/x/sys v0.0.0-20200930185726-fdedc70b468f/go.mod h1:h1NjWce9XRLGQEsW7wpKNCjG9DtNlClVuFLEZdDNbEs=
golang.org/x/sys v0.0.0-20220715151400-c0bba94af5f8/go.mod h1:oPkhp1MJrh7nUepCBck5+mAzfO9JrbApNNgaTdGDITg=
golang.org/x/sys v0.6.0/go.mod h1:oPkhp1MJrh7nUepCBck5+mAzfO9JrbApNNgaTdGDITg=
golang.org/x/sys v0.35.0 h1:vz1N37gP5bs89s7He8XuIYXpyY0+QlsKmzipCbUtyxI=
golang.org/x/sys v0.35.0/go.mod h1:BJP2sWEmIv4KK5OTEluFJCKSidICx8ciO85XgH3Ak8k=
golang.org/x/text v0.3.0/go.mod h1:NqM8EUOU14njkJ3fqMW+pc6Ldnwhi/IjpwHt7yyuwOQ=
golang.org/x/text v0.3.3/go.mod h1:5Zoc/QRtKVWzQhOtBMvqHzDpF6irO9z98xDceosuGiQ=
golang.org/x/text v0.28.0 h1:rhazDwis8INMIwQ4tpjLDzUhx6RlXqZNPEM0huQojng=
golang.org/x/text v0.28.0/go.mod h1:U8nCwOR8jO/marOQ0QbDiOngZVEBB7MAiitBuMjXiNU=
golang.org/x/tools v0.0.0-20180917221912-90fa682c2a6e/go.mod h1:n7NCudcB/nEzxVGmLbDWY5pfWTLqBcC2KZ6jyYvM4mQ=
golang.org/x/tools v0.0.0-20191119224855-298f0cb1881e/go.mod h1:b+2E5dAYhXwXZwtnZ6UAqBI28+e2cm9otk0dWdXHAEo=
golang.org/x/tools v0.0.0-20200619180055-7c47624df98f/go.mod h1:EkVYQZoAsY45+roYkvgYkIh4xh/qjgUK9TdY2XT94GE=
golang.org/x/tools v0.0.0-20210106214847-113979e3529a/go.mod h1:emZCQorbCU4vsT4fOWvOPXz4eW1wZW4PmDk9uLelYpA=
golang.org/x/xerrors v0.0.0-20190717185122-a985d3407aa7/go.mod h1:I/5z698sn9Ka8TeJc9MKroUUfqBBauWjQqLJ2OPfmY0=
golang.org/x/xerrors v0.0.0-20191011141410-1b5146add898/go.mod h1:I/5z698sn9Ka8TeJc9MKroUUfqBBauWjQqLJ2OPfmY0=
golang.org/x/xerrors v0.0.0-20191204190536-9bdfabe68543/go.mod h1:I/5z698sn9Ka8TeJc9MKroUUfqBBauWjQqLJ2OPfmY0=
golang.org/x/xerrors v0.0.0-20200804184101-5ec99f83aff1/go.mod h1:I/5z698sn9Ka8TeJc9MKroUUfqBBauWjQqLJ2OPfmY0=
google.golang.org/protobuf v1.36.8 h1:xHScyCOEuuwZEc6UtSOvPbAT4zRh0xcNRYekJwfqyMc=
google.golang.org/protobuf v1.36.8/go.mod h1:fuxRtAxBytpl4zzqUh6/eyUujkJdNiuEkXntxiD/uRU=
gopkg.in/check.v1 v0.0.0-20161208181325-20d25e280405/go.mod h1:Co6ibVJAznAaIkqp8huTwlJQCZ016jof/cbN4VW5Yz0=
gopkg.in/check.v1 v1.0.0-20201130134442-10cb98267c6c h1:Hei/4ADfdWqJk1ZMxUNpqntNwaWcugrBjAiHlqqRiVk=
gopkg.in/check.v1 v1.0.0-20201130134442-10cb98267c6c/go.mod h1:JHkPIbrfpd72SG/EVd6muEfDQjcINNoR0C8j2r3qZ4Q=
gopkg.in/inf.v0 v0.9.1 h1:73M5CoZyi3ZLMOyDlQh031Cx6N9NDJ2Vvfl76EDAgDc=
gopkg.in/inf.v0 v0.9.1/go.mod h1:cWUDdTG/fYaXco+Dcufb5Vnc6Gp2YChqWtbxRZE0mXw=
gopkg.in/yaml.v2 v2.4.0 h1:D8xgwECY7CYvx+Y2n4sBz93Jn9JRvxdiyyo8CTfuKaY=
gopkg.in/yaml.v2 v2.4.0/go.mod h1:RDklbk79AGWmwhnvt/jBztapEOGDOx6ZbXqjP6csGnQ=
gopkg.in/yaml.v3 v3.0.0-20200313102051-9f266ea9e77c/go.mod h1:K4uyk7z7BCEPqu6E+C64Yfv1cQ7kz7rIZviUmN+EgEM=
gopkg.in/yaml.v3 v3.0.1 h1:fxVm/GzAzEWqLHuvctI91KS9hhNmmWOoWu0XTYJS7CA=
gopkg.in/yaml.v3 v3.0.1/go.mod h1:K4uyk7z7BCEPqu6E+C64Yfv1cQ7kz7rIZviUmN+EgEM=
k8s.io/apimachinery v0.33.4 h1:SOf/JW33TP0eppJMkIgQ+L6atlDiP/090oaX0y9pd9s=
k8s.io/apimachinery v0.33.4/go.mod h1:BHW0YOu7n22fFv/JkYOEfkUYNRN0fj0BlvMFWA7b+SM=
k8s.io/client-go v0.33.4 h1:TNH+CSu8EmXfitntjUPwaKVPN0AYMbc9F1bBS8/ABpw=
k8s.io/client-go v0.33.4/go.mod h1:LsA0+hBG2DPwovjd931L/AoaezMPX9CmBgyVyBZmbCY=
k8s.io/klog/v2 v2.130.1 h1:n9Xl7H1Xvksem4KFG4PYbdQCQxqc/tTUyrgXaOhHSzk=
k8s.io/klog/v2 v2.130.1/go.mod h1:3Jpz1GvMt720eyJH1ckRHK1EDfpxISzJ7I9OYgaDtPE=
k8s.io/utils v0.0.0-20250820121507-0af2bda4dd1d h1:wAhiDyZ4Tdtt7e46e9M5ZSAJ/MnPGPs+Ki1gHw4w1R0=
k8s.io/utils v0.0.0-20250820121507-0af2bda4dd1d/go.mod h1:OLgZIPagt7ERELqWJFomSt595RzquPNLL48iOWgYOg0=
sigs.k8s.io/aws-iam-authenticator v0.7.5 h1:pE/hroECuP45Bved/X1oyyPhbNQgICjOF+Bxr22bMDM=
sigs.k8s.io/aws-iam-authenticator v0.7.5/go.mod h1:aZ3wMdA2Qr9dlRYzlWem77TEvwk4PMbzw87O0r9aOv8=
sigs.k8s.io/json v0.0.0-20250730193827-2d320260d730 h1:IpInykpT6ceI+QxKBbEflcR5EXP7sU1kvOlxwZh5txg=
sigs.k8s.io/json v0.0.0-20250730193827-2d320260d730/go.mod h1:mdzfpAEoE6DHQEN0uh9ZbOCuHbLK5wOm7dK4ctXE9Tg=
sigs.k8s.io/randfill v0.0.0-20250304075658-069ef1bbf016/go.mod h1:XeLlZ/jmk4i1HRopwe7/aU3H5n1zNUcX6TM94b3QxOY=
sigs.k8s.io/randfill v1.0.0 h1:JfjMILfT8A6RbawdsK2JXGBR5AQVfd+9TbzrlneTyrU=
sigs.k8s.io/randfill v1.0.0/go.mod h1:XeLlZ/jmk4i1HRopwe7/aU3H5n1zNUcX6TM94b3QxOY=
sigs.k8s.io/structured-merge-diff/v4 v4.7.0 h1:qPeWmscJcXP0snki5IYF79Z8xrl8ETFxgMd7wez1XkI=
sigs.k8s.io/structured-merge-diff/v4 v4.7.0/go.mod h1:dDy58f92j70zLsuZVuUX5Wp9vtxXpaZnkPGWeqDfCps=
sigs.k8s.io/yaml v1.4.0/go.mod h1:Ejl7/uTz7PSA4eKMyQCUTnhZYNmLIl+5c2lQPGR2BPY=
sigs.k8s.io/yaml v1.6.0 h1:G8fkbMSAFqgEFgh4b1wmtzDnioxFCUgTZhlbj5P9QYs=
sigs.k8s.io/yaml v1.6.0/go.mod h1:796bPqUfzR/0jLAl6XjHl3Ck7MiyVv8dbTdyT3/pMf4=
